// !$*UTF8*$!
{
	archiveVersion = 1;
	classes = {
	};
	objectVersion = 56;
	objects = {

/* Begin PBXBuildFile section */
		E36757922942536300DBFE29 /* FocusEntity in Frameworks */ = {isa = PBXBuildFile; productRef = E36757912942536300DBFE29 /* FocusEntity */; };
		E3721D50299A8C5B00088BDF /* ScheduleScanView.swift in Sources */ = {isa = PBXBuildFile; fileRef = E3721D4F299A8C5B00088BDF /* ScheduleScanView.swift */; };
		E3721D52299A91D800088BDF /* ScheduleScanModel.swift in Sources */ = {isa = PBXBuildFile; fileRef = E3721D51299A91D800088BDF /* ScheduleScanModel.swift */; };
		E3721D54299A9E2200088BDF /* ScheduleScanDetailView.swift in Sources */ = {isa = PBXBuildFile; fileRef = E3721D53299A9E2200088BDF /* ScheduleScanDetailView.swift */; };
		E3721D56299AA59A00088BDF /* ScheduleScanUpdateView.swift in Sources */ = {isa = PBXBuildFile; fileRef = E3721D55299AA59A00088BDF /* ScheduleScanUpdateView.swift */; };
		E3721D58299ED30600088BDF /* femaleSkeleton.usdz in Resources */ = {isa = PBXBuildFile; fileRef = E3721D57299ED30600088BDF /* femaleSkeleton.usdz */; };
		E3721D5C299ED80D00088BDF /* maleSkeleton.usdz in Resources */ = {isa = PBXBuildFile; fileRef = E3721D5B299ED80D00088BDF /* maleSkeleton.usdz */; };
		E3721D5E299EDBAE00088BDF /* humanHeart.usdz in Resources */ = {isa = PBXBuildFile; fileRef = E3721D5D299EDBAE00088BDF /* humanHeart.usdz */; };
		E3721D60299EF30000088BDF /* headStudy.usdz in Resources */ = {isa = PBXBuildFile; fileRef = E3721D5F299EF2FF00088BDF /* headStudy.usdz */; };
		E3721D64299F230700088BDF /* humanLungs.usdz in Resources */ = {isa = PBXBuildFile; fileRef = E3721D63299F230700088BDF /* humanLungs.usdz */; };
		E3721D66299F28A600088BDF /* humanBrain.usdz in Resources */ = {isa = PBXBuildFile; fileRef = E3721D65299F28A600088BDF /* humanBrain.usdz */; };
		E37A27692996ECDF00934B83 /* XrayImageClassification.swift in Sources */ = {isa = PBXBuildFile; fileRef = E37A27682996ECDF00934B83 /* XrayImageClassification.swift */; };
		E37A276B2996EF2A00934B83 /* ImagePicker.swift in Sources */ = {isa = PBXBuildFile; fileRef = E37A276A2996EF2A00934B83 /* ImagePicker.swift */; };
		E37A276D2996F02200934B83 /* UIImageAddition.swift in Sources */ = {isa = PBXBuildFile; fileRef = E37A276C2996F02200934B83 /* UIImageAddition.swift */; };
		E37E691329E51F5200CCCF50 /* NotificationService.swift in Sources */ = {isa = PBXBuildFile; fileRef = E37E691229E51F5200CCCF50 /* NotificationService.swift */; };
		E37E691729E51F5200CCCF50 /* VMXNotificationServiceExtension.appex in Embed Foundation Extensions */ = {isa = PBXBuildFile; fileRef = E37E691029E51F5100CCCF50 /* VMXNotificationServiceExtension.appex */; settings = {ATTRIBUTES = (RemoveHeadersOnCopy, ); }; };
		E380CDAC29208F3400B9B891 /* DoctorDetailView.swift in Sources */ = {isa = PBXBuildFile; fileRef = E380CDAB29208F3400B9B891 /* DoctorDetailView.swift */; };
		E380CDAE2920A09900B9B891 /* DoctorUpdateView.swift in Sources */ = {isa = PBXBuildFile; fileRef = E380CDAD2920A09800B9B891 /* DoctorUpdateView.swift */; };
		E38601D42944084C00F414B7 /* ContentView.swift in Sources */ = {isa = PBXBuildFile; fileRef = E38601D32944084C00F414B7 /* ContentView.swift */; };
		E38601D52944125700F414B7 /* Assets.xcassets in Resources */ = {isa = PBXBuildFile; fileRef = E3B6A227291F4E4E008904BD /* Assets.xcassets */; };
		E38601DA29442AC900F414B7 /* SmartHitTest in Frameworks */ = {isa = PBXBuildFile; productRef = E38601D929442AC900F414B7 /* SmartHitTest */; };
		E3862FD529971BC90053634E /* DirectImageClassification.swift in Sources */ = {isa = PBXBuildFile; fileRef = E3862FD429971BC90053634E /* DirectImageClassification.swift */; };
		E3A4395429D86BF400A3F63B /* CreatePatientStruct.swift in Sources */ = {isa = PBXBuildFile; fileRef = E3A4395329D86BF400A3F63B /* CreatePatientStruct.swift */; };
		E3A4395829D86D3800A3F63B /* VMXChatbotStruct.swift in Sources */ = {isa = PBXBuildFile; fileRef = E3A4395729D86D3800A3F63B /* VMXChatbotStruct.swift */; };
		E3A4395A29D86D5600A3F63B /* SwiftUI Chatbot.swift in Sources */ = {isa = PBXBuildFile; fileRef = E3A4395929D86D5600A3F63B /* SwiftUI Chatbot.swift */; };
		E3A4395C29D9CA0D00A3F63B /* human_body.usdz in Resources */ = {isa = PBXBuildFile; fileRef = E3A4395B29D9CA0D00A3F63B /* human_body.usdz */; };
		E3A4395E29D9CA1300A3F63B /* human_kidney.usdz in Resources */ = {isa = PBXBuildFile; fileRef = E3A4395D29D9CA1300A3F63B /* human_kidney.usdz */; };
		E3A4396229D9CA1F00A3F63B /* human_eye1.usdz in Resources */ = {isa = PBXBuildFile; fileRef = E3A4396129D9CA1F00A3F63B /* human_eye1.usdz */; };
		E3A4396429D9CA2500A3F63B /* human_skull.usdz in Resources */ = {isa = PBXBuildFile; fileRef = E3A4396329D9CA2500A3F63B /* human_skull.usdz */; };
		E3A4396C29DC643A00A3F63B /* SwiftUICharts in Frameworks */ = {isa = PBXBuildFile; productRef = E3A4396B29DC643A00A3F63B /* SwiftUICharts */; };
		E3A4397029E310C100A3F63B /* COVIDImageClassifier 1.mlmodel in Sources */ = {isa = PBXBuildFile; fileRef = E3A4396F29E310C100A3F63B /* COVIDImageClassifier 1.mlmodel */; };
		E3A4397229E318DC00A3F63B /* COVID19PosNegClassifier 1.mlmodel in Sources */ = {isa = PBXBuildFile; fileRef = E3A4397129E318DC00A3F63B /* COVID19PosNegClassifier 1.mlmodel */; };
		E3A4397429E319E700A3F63B /* COVID19_Positive_Negative.swift in Sources */ = {isa = PBXBuildFile; fileRef = E3A4397329E319E700A3F63B /* COVID19_Positive_Negative.swift */; };
		E3A4397829E5005800A3F63B /* human_stomach.usdz in Resources */ = {isa = PBXBuildFile; fileRef = E3A4397729E5005800A3F63B /* human_stomach.usdz */; };
		E3A4397A29E5064700A3F63B /* human_pelvis.usdz in Resources */ = {isa = PBXBuildFile; fileRef = E3A4397929E5064600A3F63B /* human_pelvis.usdz */; };
		E3A4397C29E5066800A3F63B /* human_teeth.usdz in Resources */ = {isa = PBXBuildFile; fileRef = E3A4397B29E5066700A3F63B /* human_teeth.usdz */; };
		E3A4397E29E5066D00A3F63B /* female_torso.usdz in Resources */ = {isa = PBXBuildFile; fileRef = E3A4397D29E5066D00A3F63B /* female_torso.usdz */; };
		E3A8CEE829D8453D008D47AA /* ViewPatientBookings.swift in Sources */ = {isa = PBXBuildFile; fileRef = E3A8CEE729D8453D008D47AA /* ViewPatientBookings.swift */; };
		E3A8CEEC29D8571D008D47AA /* PatientBookingUpdateView.swift in Sources */ = {isa = PBXBuildFile; fileRef = E3A8CEEB29D8571D008D47AA /* PatientBookingUpdateView.swift */; };
		E3A8CEEE29D85A31008D47AA /* PatientBookingDetailView.swift in Sources */ = {isa = PBXBuildFile; fileRef = E3A8CEED29D85A31008D47AA /* PatientBookingDetailView.swift */; };
		E3B6A224291F4E4B008904BD /* VisualMedXpertApp.swift in Sources */ = {isa = PBXBuildFile; fileRef = E3B6A223291F4E4B008904BD /* VisualMedXpertApp.swift */; };
		E3B6A226291F4E4B008904BD /* LoginView.swift in Sources */ = {isa = PBXBuildFile; fileRef = E3B6A225291F4E4B008904BD /* LoginView.swift */; };
		E3B6A235291F4E4E008904BD /* VisualMedXpertTests.swift in Sources */ = {isa = PBXBuildFile; fileRef = E3B6A234291F4E4E008904BD /* VisualMedXpertTests.swift */; };
		E3B6A23F291F4E4E008904BD /* VisualMedXpertUITests.swift in Sources */ = {isa = PBXBuildFile; fileRef = E3B6A23E291F4E4E008904BD /* VisualMedXpertUITests.swift */; };
		E3B6A241291F4E4E008904BD /* VisualMedXpertUITestsLaunchTests.swift in Sources */ = {isa = PBXBuildFile; fileRef = E3B6A240291F4E4E008904BD /* VisualMedXpertUITestsLaunchTests.swift */; };
		E3B6A24E291F4EEC008904BD /* GoogleService-Info.plist in Resources */ = {isa = PBXBuildFile; fileRef = E3B6A24D291F4EEB008904BD /* GoogleService-Info.plist */; };
		E3B6A253291F4F4A008904BD /* FirebaseAuth in Frameworks */ = {isa = PBXBuildFile; productRef = E3B6A252291F4F4A008904BD /* FirebaseAuth */; };
		E3B6A255291F4F4A008904BD /* FirebaseDatabase in Frameworks */ = {isa = PBXBuildFile; productRef = E3B6A254291F4F4A008904BD /* FirebaseDatabase */; };
		E3B6A257291F4F4A008904BD /* FirebaseFirestore in Frameworks */ = {isa = PBXBuildFile; productRef = E3B6A256291F4F4A008904BD /* FirebaseFirestore */; };
		E3B6A259291F5B89008904BD /* ChooseOptionView.swift in Sources */ = {isa = PBXBuildFile; fileRef = E3B6A258291F5B88008904BD /* ChooseOptionView.swift */; };
		E3B6A25D292044AB008904BD /* DoctorView.swift in Sources */ = {isa = PBXBuildFile; fileRef = E3B6A25C292044AB008904BD /* DoctorView.swift */; };
		E3BCC89A29C287F4006594F4 /* FirebaseStorage in Frameworks */ = {isa = PBXBuildFile; productRef = E3BCC89929C287F4006594F4 /* FirebaseStorage */; };
		E3BCC89C29C28804006594F4 /* FirebaseFirestoreSwift in Frameworks */ = {isa = PBXBuildFile; productRef = E3BCC89B29C28804006594F4 /* FirebaseFirestoreSwift */; };
		E3BCC8A629C3D428006594F4 /* PatientLoginView.swift in Sources */ = {isa = PBXBuildFile; fileRef = E3BCC8A529C3D428006594F4 /* PatientLoginView.swift */; };
		E3BCC8A829C3D736006594F4 /* User.swift in Sources */ = {isa = PBXBuildFile; fileRef = E3BCC8A729C3D736006594F4 /* User.swift */; };
		E3DC878C29CFAAE5006BC434 /* RegistrationView.swift in Sources */ = {isa = PBXBuildFile; fileRef = E3DC878B29CFAAE5006BC434 /* RegistrationView.swift */; };
/* End PBXBuildFile section */

/* Begin PBXContainerItemProxy section */
		E37E691529E51F5200CCCF50 /* PBXContainerItemProxy */ = {
			isa = PBXContainerItemProxy;
			containerPortal = E3B6A218291F4E4B008904BD /* Project object */;
			proxyType = 1;
			remoteGlobalIDString = E37E690F29E51F5100CCCF50;
			remoteInfo = VMXNotificationServiceExtension;
		};
		E3B6A231291F4E4E008904BD /* PBXContainerItemProxy */ = {
			isa = PBXContainerItemProxy;
			containerPortal = E3B6A218291F4E4B008904BD /* Project object */;
			proxyType = 1;
			remoteGlobalIDString = E3B6A21F291F4E4B008904BD;
			remoteInfo = VisualMedXpert;
		};
		E3B6A23B291F4E4E008904BD /* PBXContainerItemProxy */ = {
			isa = PBXContainerItemProxy;
			containerPortal = E3B6A218291F4E4B008904BD /* Project object */;
			proxyType = 1;
			remoteGlobalIDString = E3B6A21F291F4E4B008904BD;
			remoteInfo = VisualMedXpert;
		};
/* End PBXContainerItemProxy section */

/* Begin PBXCopyFilesBuildPhase section */
		E37E691B29E51F5200CCCF50 /* Embed Foundation Extensions */ = {
			isa = PBXCopyFilesBuildPhase;
			buildActionMask = 2147483647;
			dstPath = "";
			dstSubfolderSpec = 13;
			files = (
				E37E691729E51F5200CCCF50 /* VMXNotificationServiceExtension.appex in Embed Foundation Extensions */,
			);
			name = "Embed Foundation Extensions";
			runOnlyForDeploymentPostprocessing = 0;
		};
/* End PBXCopyFilesBuildPhase section */

/* Begin PBXFileReference section */
		E3721D4F299A8C5B00088BDF /* ScheduleScanView.swift */ = {isa = PBXFileReference; lastKnownFileType = sourcecode.swift; path = ScheduleScanView.swift; sourceTree = "<group>"; };
		E3721D51299A91D800088BDF /* ScheduleScanModel.swift */ = {isa = PBXFileReference; lastKnownFileType = sourcecode.swift; path = ScheduleScanModel.swift; sourceTree = "<group>"; };
		E3721D53299A9E2200088BDF /* ScheduleScanDetailView.swift */ = {isa = PBXFileReference; lastKnownFileType = sourcecode.swift; path = ScheduleScanDetailView.swift; sourceTree = "<group>"; };
		E3721D55299AA59A00088BDF /* ScheduleScanUpdateView.swift */ = {isa = PBXFileReference; lastKnownFileType = sourcecode.swift; path = ScheduleScanUpdateView.swift; sourceTree = "<group>"; };
		E3721D57299ED30600088BDF /* femaleSkeleton.usdz */ = {isa = PBXFileReference; lastKnownFileType = file.usdz; name = femaleSkeleton.usdz; path = ../../../../Downloads/femaleSkeleton.usdz; sourceTree = "<group>"; };
		E3721D5B299ED80D00088BDF /* maleSkeleton.usdz */ = {isa = PBXFileReference; lastKnownFileType = file.usdz; name = maleSkeleton.usdz; path = ../../../../Downloads/maleSkeleton.usdz; sourceTree = "<group>"; };
		E3721D5D299EDBAE00088BDF /* humanHeart.usdz */ = {isa = PBXFileReference; lastKnownFileType = file.usdz; name = humanHeart.usdz; path = ../../../../Downloads/humanHeart.usdz; sourceTree = "<group>"; };
		E3721D5F299EF2FF00088BDF /* headStudy.usdz */ = {isa = PBXFileReference; lastKnownFileType = file.usdz; name = headStudy.usdz; path = ../../../../Downloads/headStudy.usdz; sourceTree = "<group>"; };
		E3721D63299F230700088BDF /* humanLungs.usdz */ = {isa = PBXFileReference; lastKnownFileType = file.usdz; name = humanLungs.usdz; path = ../../../../Downloads/humanLungs.usdz; sourceTree = "<group>"; };
		E3721D65299F28A600088BDF /* humanBrain.usdz */ = {isa = PBXFileReference; lastKnownFileType = file.usdz; name = humanBrain.usdz; path = ../../../../Downloads/humanBrain.usdz; sourceTree = "<group>"; };
		E37A27682996ECDF00934B83 /* XrayImageClassification.swift */ = {isa = PBXFileReference; lastKnownFileType = sourcecode.swift; path = XrayImageClassification.swift; sourceTree = "<group>"; };
		E37A276A2996EF2A00934B83 /* ImagePicker.swift */ = {isa = PBXFileReference; lastKnownFileType = sourcecode.swift; path = ImagePicker.swift; sourceTree = "<group>"; };
		E37A276C2996F02200934B83 /* UIImageAddition.swift */ = {isa = PBXFileReference; lastKnownFileType = sourcecode.swift; path = UIImageAddition.swift; sourceTree = "<group>"; };
		E37E691029E51F5100CCCF50 /* VMXNotificationServiceExtension.appex */ = {isa = PBXFileReference; explicitFileType = "wrapper.app-extension"; includeInIndex = 0; path = VMXNotificationServiceExtension.appex; sourceTree = BUILT_PRODUCTS_DIR; };
		E37E691229E51F5200CCCF50 /* NotificationService.swift */ = {isa = PBXFileReference; lastKnownFileType = sourcecode.swift; path = NotificationService.swift; sourceTree = "<group>"; };
		E37E691429E51F5200CCCF50 /* Info.plist */ = {isa = PBXFileReference; lastKnownFileType = text.plist.xml; path = Info.plist; sourceTree = "<group>"; };
		E380CDAB29208F3400B9B891 /* DoctorDetailView.swift */ = {isa = PBXFileReference; lastKnownFileType = sourcecode.swift; path = DoctorDetailView.swift; sourceTree = "<group>"; };
		E380CDAD2920A09800B9B891 /* DoctorUpdateView.swift */ = {isa = PBXFileReference; lastKnownFileType = sourcecode.swift; path = DoctorUpdateView.swift; sourceTree = "<group>"; };
		E38601D32944084C00F414B7 /* ContentView.swift */ = {isa = PBXFileReference; lastKnownFileType = sourcecode.swift; path = ContentView.swift; sourceTree = "<group>"; };
		E3862FD429971BC90053634E /* DirectImageClassification.swift */ = {isa = PBXFileReference; lastKnownFileType = sourcecode.swift; path = DirectImageClassification.swift; sourceTree = "<group>"; };
		E3A4395329D86BF400A3F63B /* CreatePatientStruct.swift */ = {isa = PBXFileReference; lastKnownFileType = sourcecode.swift; path = CreatePatientStruct.swift; sourceTree = "<group>"; };
		E3A4395729D86D3800A3F63B /* VMXChatbotStruct.swift */ = {isa = PBXFileReference; lastKnownFileType = sourcecode.swift; path = VMXChatbotStruct.swift; sourceTree = "<group>"; };
		E3A4395929D86D5600A3F63B /* SwiftUI Chatbot.swift */ = {isa = PBXFileReference; lastKnownFileType = sourcecode.swift; path = "SwiftUI Chatbot.swift"; sourceTree = "<group>"; };
		E3A4395B29D9CA0D00A3F63B /* human_body.usdz */ = {isa = PBXFileReference; lastKnownFileType = file.usdz; name = human_body.usdz; path = ../../../../Downloads/human_body.usdz; sourceTree = "<group>"; };
		E3A4395D29D9CA1300A3F63B /* human_kidney.usdz */ = {isa = PBXFileReference; lastKnownFileType = file.usdz; name = human_kidney.usdz; path = ../../../../Downloads/human_kidney.usdz; sourceTree = "<group>"; };
		E3A4396129D9CA1F00A3F63B /* human_eye1.usdz */ = {isa = PBXFileReference; lastKnownFileType = file.usdz; name = human_eye1.usdz; path = ../../../../Downloads/human_eye1.usdz; sourceTree = "<group>"; };
		E3A4396329D9CA2500A3F63B /* human_skull.usdz */ = {isa = PBXFileReference; lastKnownFileType = file.usdz; name = human_skull.usdz; path = ../../../../Downloads/human_skull.usdz; sourceTree = "<group>"; };
		E3A4396F29E310C100A3F63B /* COVIDImageClassifier 1.mlmodel */ = {isa = PBXFileReference; lastKnownFileType = file.mlmodel; name = "COVIDImageClassifier 1.mlmodel"; path = "../../../../Desktop/COVIDImageClassifier 1.mlmodel"; sourceTree = "<group>"; };
		E3A4397129E318DC00A3F63B /* COVID19PosNegClassifier 1.mlmodel */ = {isa = PBXFileReference; lastKnownFileType = file.mlmodel; name = "COVID19PosNegClassifier 1.mlmodel"; path = "../../../../Desktop/COVID19PosNegClassifier 1.mlmodel"; sourceTree = "<group>"; };
		E3A4397329E319E700A3F63B /* COVID19_Positive_Negative.swift */ = {isa = PBXFileReference; lastKnownFileType = sourcecode.swift; path = COVID19_Positive_Negative.swift; sourceTree = "<group>"; };
		E3A4397729E5005800A3F63B /* human_stomach.usdz */ = {isa = PBXFileReference; lastKnownFileType = file.usdz; name = human_stomach.usdz; path = ../../../../Desktop/human_stomach.usdz; sourceTree = "<group>"; };
		E3A4397929E5064600A3F63B /* human_pelvis.usdz */ = {isa = PBXFileReference; lastKnownFileType = file.usdz; name = human_pelvis.usdz; path = ../../../../Downloads/human_pelvis.usdz; sourceTree = "<group>"; };
		E3A4397B29E5066700A3F63B /* human_teeth.usdz */ = {isa = PBXFileReference; lastKnownFileType = file.usdz; name = human_teeth.usdz; path = ../../../../Downloads/human_teeth.usdz; sourceTree = "<group>"; };
		E3A4397D29E5066D00A3F63B /* female_torso.usdz */ = {isa = PBXFileReference; lastKnownFileType = file.usdz; name = female_torso.usdz; path = ../../../../Downloads/female_torso.usdz; sourceTree = "<group>"; };
		E3A8CEE729D8453D008D47AA /* ViewPatientBookings.swift */ = {isa = PBXFileReference; lastKnownFileType = sourcecode.swift; path = ViewPatientBookings.swift; sourceTree = "<group>"; };
		E3A8CEEB29D8571D008D47AA /* PatientBookingUpdateView.swift */ = {isa = PBXFileReference; lastKnownFileType = sourcecode.swift; path = PatientBookingUpdateView.swift; sourceTree = "<group>"; };
		E3A8CEED29D85A31008D47AA /* PatientBookingDetailView.swift */ = {isa = PBXFileReference; lastKnownFileType = sourcecode.swift; path = PatientBookingDetailView.swift; sourceTree = "<group>"; };
		E3B6A220291F4E4B008904BD /* VisualMedXpert.app */ = {isa = PBXFileReference; explicitFileType = wrapper.application; includeInIndex = 0; path = VisualMedXpert.app; sourceTree = BUILT_PRODUCTS_DIR; };
		E3B6A223291F4E4B008904BD /* VisualMedXpertApp.swift */ = {isa = PBXFileReference; lastKnownFileType = sourcecode.swift; path = VisualMedXpertApp.swift; sourceTree = "<group>"; };
		E3B6A225291F4E4B008904BD /* LoginView.swift */ = {isa = PBXFileReference; lastKnownFileType = sourcecode.swift; path = LoginView.swift; sourceTree = "<group>"; };
		E3B6A227291F4E4E008904BD /* Assets.xcassets */ = {isa = PBXFileReference; lastKnownFileType = folder.assetcatalog; path = Assets.xcassets; sourceTree = "<group>"; };
		E3B6A22A291F4E4E008904BD /* Preview Assets.xcassets */ = {isa = PBXFileReference; lastKnownFileType = folder.assetcatalog; path = "Preview Assets.xcassets"; sourceTree = "<group>"; };
		E3B6A230291F4E4E008904BD /* VisualMedXpertTests.xctest */ = {isa = PBXFileReference; explicitFileType = wrapper.cfbundle; includeInIndex = 0; path = VisualMedXpertTests.xctest; sourceTree = BUILT_PRODUCTS_DIR; };
		E3B6A234291F4E4E008904BD /* VisualMedXpertTests.swift */ = {isa = PBXFileReference; lastKnownFileType = sourcecode.swift; path = VisualMedXpertTests.swift; sourceTree = "<group>"; };
		E3B6A23A291F4E4E008904BD /* VisualMedXpertUITests.xctest */ = {isa = PBXFileReference; explicitFileType = wrapper.cfbundle; includeInIndex = 0; path = VisualMedXpertUITests.xctest; sourceTree = BUILT_PRODUCTS_DIR; };
		E3B6A23E291F4E4E008904BD /* VisualMedXpertUITests.swift */ = {isa = PBXFileReference; lastKnownFileType = sourcecode.swift; path = VisualMedXpertUITests.swift; sourceTree = "<group>"; };
		E3B6A240291F4E4E008904BD /* VisualMedXpertUITestsLaunchTests.swift */ = {isa = PBXFileReference; lastKnownFileType = sourcecode.swift; path = VisualMedXpertUITestsLaunchTests.swift; sourceTree = "<group>"; };
		E3B6A24D291F4EEB008904BD /* GoogleService-Info.plist */ = {isa = PBXFileReference; fileEncoding = 4; lastKnownFileType = text.plist.xml; path = "GoogleService-Info.plist"; sourceTree = "<group>"; };
		E3B6A258291F5B88008904BD /* ChooseOptionView.swift */ = {isa = PBXFileReference; lastKnownFileType = sourcecode.swift; path = ChooseOptionView.swift; sourceTree = "<group>"; };
		E3B6A25C292044AB008904BD /* DoctorView.swift */ = {isa = PBXFileReference; lastKnownFileType = sourcecode.swift; path = DoctorView.swift; sourceTree = "<group>"; };
		E3B6A2622920550E008904BD /* Info.plist */ = {isa = PBXFileReference; lastKnownFileType = text.plist; path = Info.plist; sourceTree = "<group>"; };
		E3BCC8A529C3D428006594F4 /* PatientLoginView.swift */ = {isa = PBXFileReference; lastKnownFileType = sourcecode.swift; path = PatientLoginView.swift; sourceTree = "<group>"; };
		E3BCC8A729C3D736006594F4 /* User.swift */ = {isa = PBXFileReference; lastKnownFileType = sourcecode.swift; path = User.swift; sourceTree = "<group>"; };
		E3DC878B29CFAAE5006BC434 /* RegistrationView.swift */ = {isa = PBXFileReference; lastKnownFileType = sourcecode.swift; path = RegistrationView.swift; sourceTree = "<group>"; };
/* End PBXFileReference section */

/* Begin PBXFrameworksBuildPhase section */
		E37E690D29E51F5100CCCF50 /* Frameworks */ = {
			isa = PBXFrameworksBuildPhase;
			buildActionMask = 2147483647;
			files = (
			);
			runOnlyForDeploymentPostprocessing = 0;
		};
		E3B6A21D291F4E4B008904BD /* Frameworks */ = {
			isa = PBXFrameworksBuildPhase;
			buildActionMask = 2147483647;
			files = (
				E36757922942536300DBFE29 /* FocusEntity in Frameworks */,
				E3B6A255291F4F4A008904BD /* FirebaseDatabase in Frameworks */,
				E3B6A257291F4F4A008904BD /* FirebaseFirestore in Frameworks */,
				E3BCC89C29C28804006594F4 /* FirebaseFirestoreSwift in Frameworks */,
				E38601DA29442AC900F414B7 /* SmartHitTest in Frameworks */,
				E3A4396C29DC643A00A3F63B /* SwiftUICharts in Frameworks */,
				E3B6A253291F4F4A008904BD /* FirebaseAuth in Frameworks */,
				E3BCC89A29C287F4006594F4 /* FirebaseStorage in Frameworks */,
			);
			runOnlyForDeploymentPostprocessing = 0;
		};
		E3B6A22D291F4E4E008904BD /* Frameworks */ = {
			isa = PBXFrameworksBuildPhase;
			buildActionMask = 2147483647;
			files = (
			);
			runOnlyForDeploymentPostprocessing = 0;
		};
		E3B6A237291F4E4E008904BD /* Frameworks */ = {
			isa = PBXFrameworksBuildPhase;
			buildActionMask = 2147483647;
			files = (
			);
			runOnlyForDeploymentPostprocessing = 0;
		};
/* End PBXFrameworksBuildPhase section */

/* Begin PBXGroup section */
		E367579529427B6900DBFE29 /* Models */ = {
			isa = PBXGroup;
			children = (
				E3721D57299ED30600088BDF /* femaleSkeleton.usdz */,
				E3721D5B299ED80D00088BDF /* maleSkeleton.usdz */,
				E3721D5F299EF2FF00088BDF /* headStudy.usdz */,
				E3721D5D299EDBAE00088BDF /* humanHeart.usdz */,
				E3721D63299F230700088BDF /* humanLungs.usdz */,
				E3721D65299F28A600088BDF /* humanBrain.usdz */,
				E3A4395B29D9CA0D00A3F63B /* human_body.usdz */,
				E3A4395D29D9CA1300A3F63B /* human_kidney.usdz */,
				E3A4396129D9CA1F00A3F63B /* human_eye1.usdz */,
				E3A4396329D9CA2500A3F63B /* human_skull.usdz */,
				E3A4397729E5005800A3F63B /* human_stomach.usdz */,
				E3A4397929E5064600A3F63B /* human_pelvis.usdz */,
				E3A4397B29E5066700A3F63B /* human_teeth.usdz */,
				E3A4397D29E5066D00A3F63B /* female_torso.usdz */,
			);
			path = Models;
			sourceTree = "<group>";
		};
		E37E691129E51F5200CCCF50 /* VMXNotificationServiceExtension */ = {
			isa = PBXGroup;
			children = (
				E37E691229E51F5200CCCF50 /* NotificationService.swift */,
				E37E691429E51F5200CCCF50 /* Info.plist */,
			);
			path = VMXNotificationServiceExtension;
			sourceTree = "<group>";
		};
		E3A4394F29D86A0F00A3F63B /* AR (Doctors) */ = {
			isa = PBXGroup;
			children = (
				E38601D32944084C00F414B7 /* ContentView.swift */,
			);
			path = "AR (Doctors)";
			sourceTree = "<group>";
		};
		E3A4395029D86A5100A3F63B /* Artificial Intelligence (Doctors) */ = {
			isa = PBXGroup;
			children = (
				E3A4396F29E310C100A3F63B /* COVIDImageClassifier 1.mlmodel */,
				E3A4397129E318DC00A3F63B /* COVID19PosNegClassifier 1.mlmodel */,
				E37A276A2996EF2A00934B83 /* ImagePicker.swift */,
				E37A276C2996F02200934B83 /* UIImageAddition.swift */,
				E3862FD429971BC90053634E /* DirectImageClassification.swift */,
				E37A27682996ECDF00934B83 /* XrayImageClassification.swift */,
				E3A4397329E319E700A3F63B /* COVID19_Positive_Negative.swift */,
			);
			path = "Artificial Intelligence (Doctors)";
			sourceTree = "<group>";
		};
		E3A4395229D86B4F00A3F63B /* Book Scan (Patient) */ = {
			isa = PBXGroup;
			children = (
				E3721D51299A91D800088BDF /* ScheduleScanModel.swift */,
				E3721D4F299A8C5B00088BDF /* ScheduleScanView.swift */,
				E3721D55299AA59A00088BDF /* ScheduleScanUpdateView.swift */,
				E3721D53299A9E2200088BDF /* ScheduleScanDetailView.swift */,
			);
			path = "Book Scan (Patient)";
			sourceTree = "<group>";
		};
		E3A4395629D86C7600A3F63B /* VMX Chatbot (Patients) */ = {
			isa = PBXGroup;
			children = (
				E3A4395729D86D3800A3F63B /* VMXChatbotStruct.swift */,
				E3A4395929D86D5600A3F63B /* SwiftUI Chatbot.swift */,
			);
			path = "VMX Chatbot (Patients)";
			sourceTree = "<group>";
		};
		E3A8CEEF29D868B8008D47AA /* Registration and Login  */ = {
			isa = PBXGroup;
			children = (
				E3BCC8A729C3D736006594F4 /* User.swift */,
				E3DC878B29CFAAE5006BC434 /* RegistrationView.swift */,
				E3B6A225291F4E4B008904BD /* LoginView.swift */,
				E3BCC8A529C3D428006594F4 /* PatientLoginView.swift */,
			);
			path = "Registration and Login ";
			sourceTree = "<group>";
		};
		E3A8CEF029D868DE008D47AA /* Patient Bookings (Doctors) */ = {
			isa = PBXGroup;
			children = (
				E3A8CEE729D8453D008D47AA /* ViewPatientBookings.swift */,
				E3A8CEEB29D8571D008D47AA /* PatientBookingUpdateView.swift */,
				E3A8CEED29D85A31008D47AA /* PatientBookingDetailView.swift */,
			);
			path = "Patient Bookings (Doctors)";
			sourceTree = "<group>";
		};
		E3A8CEF129D86911008D47AA /* Create Patient (Doctors) */ = {
			isa = PBXGroup;
			children = (
				E3A4395329D86BF400A3F63B /* CreatePatientStruct.swift */,
				E3B6A258291F5B88008904BD /* ChooseOptionView.swift */,
				E380CDAD2920A09800B9B891 /* DoctorUpdateView.swift */,
				E380CDAB29208F3400B9B891 /* DoctorDetailView.swift */,
				E3B6A25C292044AB008904BD /* DoctorView.swift */,
			);
			path = "Create Patient (Doctors)";
			sourceTree = "<group>";
		};
		E3B6A217291F4E4B008904BD = {
			isa = PBXGroup;
			children = (
				E3B6A222291F4E4B008904BD /* VisualMedXpert */,
				E3B6A233291F4E4E008904BD /* VisualMedXpertTests */,
				E3B6A23D291F4E4E008904BD /* VisualMedXpertUITests */,
				E37E691129E51F5200CCCF50 /* VMXNotificationServiceExtension */,
				E3B6A221291F4E4B008904BD /* Products */,
				E3BCC89829C287F4006594F4 /* Frameworks */,
			);
			sourceTree = "<group>";
		};
		E3B6A221291F4E4B008904BD /* Products */ = {
			isa = PBXGroup;
			children = (
				E3B6A220291F4E4B008904BD /* VisualMedXpert.app */,
				E3B6A230291F4E4E008904BD /* VisualMedXpertTests.xctest */,
				E3B6A23A291F4E4E008904BD /* VisualMedXpertUITests.xctest */,
				E37E691029E51F5100CCCF50 /* VMXNotificationServiceExtension.appex */,
			);
			name = Products;
			sourceTree = "<group>";
		};
		E3B6A222291F4E4B008904BD /* VisualMedXpert */ = {
			isa = PBXGroup;
			children = (
				E367579529427B6900DBFE29 /* Models */,
				E3B6A2622920550E008904BD /* Info.plist */,
				E3B6A223291F4E4B008904BD /* VisualMedXpertApp.swift */,
				E3A4395629D86C7600A3F63B /* VMX Chatbot (Patients) */,
				E3A8CEEF29D868B8008D47AA /* Registration and Login  */,
				E3A8CEF029D868DE008D47AA /* Patient Bookings (Doctors) */,
				E3A8CEF129D86911008D47AA /* Create Patient (Doctors) */,
				E3A4394F29D86A0F00A3F63B /* AR (Doctors) */,
				E3A4395029D86A5100A3F63B /* Artificial Intelligence (Doctors) */,
				E3A4395229D86B4F00A3F63B /* Book Scan (Patient) */,
				E3B6A227291F4E4E008904BD /* Assets.xcassets */,
				E3B6A24D291F4EEB008904BD /* GoogleService-Info.plist */,
				E3B6A229291F4E4E008904BD /* Preview Content */,
			);
			path = VisualMedXpert;
			sourceTree = "<group>";
		};
		E3B6A229291F4E4E008904BD /* Preview Content */ = {
			isa = PBXGroup;
			children = (
				E3B6A22A291F4E4E008904BD /* Preview Assets.xcassets */,
			);
			path = "Preview Content";
			sourceTree = "<group>";
		};
		E3B6A233291F4E4E008904BD /* VisualMedXpertTests */ = {
			isa = PBXGroup;
			children = (
				E3B6A234291F4E4E008904BD /* VisualMedXpertTests.swift */,
			);
			path = VisualMedXpertTests;
			sourceTree = "<group>";
		};
		E3B6A23D291F4E4E008904BD /* VisualMedXpertUITests */ = {
			isa = PBXGroup;
			children = (
				E3B6A23E291F4E4E008904BD /* VisualMedXpertUITests.swift */,
				E3B6A240291F4E4E008904BD /* VisualMedXpertUITestsLaunchTests.swift */,
			);
			path = VisualMedXpertUITests;
			sourceTree = "<group>";
		};
		E3BCC89829C287F4006594F4 /* Frameworks */ = {
			isa = PBXGroup;
			children = (
			);
			name = Frameworks;
			sourceTree = "<group>";
		};
/* End PBXGroup section */

/* Begin PBXNativeTarget section */
		E37E690F29E51F5100CCCF50 /* VMXNotificationServiceExtension */ = {
			isa = PBXNativeTarget;
			buildConfigurationList = E37E691829E51F5200CCCF50 /* Build configuration list for PBXNativeTarget "VMXNotificationServiceExtension" */;
			buildPhases = (
				E37E690C29E51F5100CCCF50 /* Sources */,
				E37E690D29E51F5100CCCF50 /* Frameworks */,
				E37E690E29E51F5100CCCF50 /* Resources */,
			);
			buildRules = (
			);
			dependencies = (
			);
			name = VMXNotificationServiceExtension;
			productName = VMXNotificationServiceExtension;
			productReference = E37E691029E51F5100CCCF50 /* VMXNotificationServiceExtension.appex */;
			productType = "com.apple.product-type.app-extension";
		};
		E3B6A21F291F4E4B008904BD /* VisualMedXpert */ = {
			isa = PBXNativeTarget;
			buildConfigurationList = E3B6A244291F4E4E008904BD /* Build configuration list for PBXNativeTarget "VisualMedXpert" */;
			buildPhases = (
				E3B6A21C291F4E4B008904BD /* Sources */,
				E3B6A21D291F4E4B008904BD /* Frameworks */,
				E3B6A21E291F4E4B008904BD /* Resources */,
				E37E691B29E51F5200CCCF50 /* Embed Foundation Extensions */,
			);
			buildRules = (
			);
			dependencies = (
				E37E691629E51F5200CCCF50 /* PBXTargetDependency */,
			);
			name = VisualMedXpert;
			packageProductDependencies = (
				E3B6A252291F4F4A008904BD /* FirebaseAuth */,
				E3B6A254291F4F4A008904BD /* FirebaseDatabase */,
				E3B6A256291F4F4A008904BD /* FirebaseFirestore */,
				E36757912942536300DBFE29 /* FocusEntity */,
				E38601D929442AC900F414B7 /* SmartHitTest */,
				E3BCC89929C287F4006594F4 /* FirebaseStorage */,
				E3BCC89B29C28804006594F4 /* FirebaseFirestoreSwift */,
				E3A4396B29DC643A00A3F63B /* SwiftUICharts */,
			);
			productName = VisualMedXpert;
			productReference = E3B6A220291F4E4B008904BD /* VisualMedXpert.app */;
			productType = "com.apple.product-type.application";
		};
		E3B6A22F291F4E4E008904BD /* VisualMedXpertTests */ = {
			isa = PBXNativeTarget;
			buildConfigurationList = E3B6A247291F4E4E008904BD /* Build configuration list for PBXNativeTarget "VisualMedXpertTests" */;
			buildPhases = (
				E3B6A22C291F4E4E008904BD /* Sources */,
				E3B6A22D291F4E4E008904BD /* Frameworks */,
				E3B6A22E291F4E4E008904BD /* Resources */,
			);
			buildRules = (
			);
			dependencies = (
				E3B6A232291F4E4E008904BD /* PBXTargetDependency */,
			);
			name = VisualMedXpertTests;
			productName = VisualMedXpertTests;
			productReference = E3B6A230291F4E4E008904BD /* VisualMedXpertTests.xctest */;
			productType = "com.apple.product-type.bundle.unit-test";
		};
		E3B6A239291F4E4E008904BD /* VisualMedXpertUITests */ = {
			isa = PBXNativeTarget;
			buildConfigurationList = E3B6A24A291F4E4E008904BD /* Build configuration list for PBXNativeTarget "VisualMedXpertUITests" */;
			buildPhases = (
				E3B6A236291F4E4E008904BD /* Sources */,
				E3B6A237291F4E4E008904BD /* Frameworks */,
				E3B6A238291F4E4E008904BD /* Resources */,
			);
			buildRules = (
			);
			dependencies = (
				E3B6A23C291F4E4E008904BD /* PBXTargetDependency */,
			);
			name = VisualMedXpertUITests;
			productName = VisualMedXpertUITests;
			productReference = E3B6A23A291F4E4E008904BD /* VisualMedXpertUITests.xctest */;
			productType = "com.apple.product-type.bundle.ui-testing";
		};
/* End PBXNativeTarget section */

/* Begin PBXProject section */
		E3B6A218291F4E4B008904BD /* Project object */ = {
			isa = PBXProject;
			attributes = {
				BuildIndependentTargetsInParallel = 1;
				LastSwiftUpdateCheck = 1420;
				LastUpgradeCheck = 1400;
				TargetAttributes = {
					E37E690F29E51F5100CCCF50 = {
						CreatedOnToolsVersion = 14.2;
					};
					E3B6A21F291F4E4B008904BD = {
						CreatedOnToolsVersion = 14.0.1;
					};
					E3B6A22F291F4E4E008904BD = {
						CreatedOnToolsVersion = 14.0.1;
						TestTargetID = E3B6A21F291F4E4B008904BD;
					};
					E3B6A239291F4E4E008904BD = {
						CreatedOnToolsVersion = 14.0.1;
						TestTargetID = E3B6A21F291F4E4B008904BD;
					};
				};
			};
			buildConfigurationList = E3B6A21B291F4E4B008904BD /* Build configuration list for PBXProject "VisualMedXpert" */;
			compatibilityVersion = "Xcode 14.0";
			developmentRegion = en;
			hasScannedForEncodings = 0;
			knownRegions = (
				en,
				Base,
			);
			mainGroup = E3B6A217291F4E4B008904BD;
			packageReferences = (
				E3B6A24F291F4F4A008904BD /* XCRemoteSwiftPackageReference "firebase-ios-sdk" */,
				E36757902942536300DBFE29 /* XCRemoteSwiftPackageReference "FocusEntity" */,
				E38601D829442AC900F414B7 /* XCRemoteSwiftPackageReference "ARKit-SmartHitTest" */,
				E3A4396529DC3B3100A3F63B /* XCRemoteSwiftPackageReference "ChartView" */,
				E3A4396829DC438A00A3F63B /* XCRemoteSwiftPackageReference "Charts" */,
			);
			productRefGroup = E3B6A221291F4E4B008904BD /* Products */;
			projectDirPath = "";
			projectRoot = "";
			targets = (
				E3B6A21F291F4E4B008904BD /* VisualMedXpert */,
				E3B6A22F291F4E4E008904BD /* VisualMedXpertTests */,
				E3B6A239291F4E4E008904BD /* VisualMedXpertUITests */,
				E37E690F29E51F5100CCCF50 /* VMXNotificationServiceExtension */,
			);
		};
/* End PBXProject section */

/* Begin PBXResourcesBuildPhase section */
		E37E690E29E51F5100CCCF50 /* Resources */ = {
			isa = PBXResourcesBuildPhase;
			buildActionMask = 2147483647;
			files = (
			);
			runOnlyForDeploymentPostprocessing = 0;
		};
		E3B6A21E291F4E4B008904BD /* Resources */ = {
			isa = PBXResourcesBuildPhase;
			buildActionMask = 2147483647;
			files = (
				E3721D66299F28A600088BDF /* humanBrain.usdz in Resources */,
				E3A4397829E5005800A3F63B /* human_stomach.usdz in Resources */,
				E3721D5E299EDBAE00088BDF /* humanHeart.usdz in Resources */,
				E3721D64299F230700088BDF /* humanLungs.usdz in Resources */,
				E38601D52944125700F414B7 /* Assets.xcassets in Resources */,
				E3A4397E29E5066D00A3F63B /* female_torso.usdz in Resources */,
				E3721D58299ED30600088BDF /* femaleSkeleton.usdz in Resources */,
				E3721D60299EF30000088BDF /* headStudy.usdz in Resources */,
				E3A4396229D9CA1F00A3F63B /* human_eye1.usdz in Resources */,
				E3A4397A29E5064700A3F63B /* human_pelvis.usdz in Resources */,
				E3B6A24E291F4EEC008904BD /* GoogleService-Info.plist in Resources */,
				E3A4395E29D9CA1300A3F63B /* human_kidney.usdz in Resources */,
				E3A4395C29D9CA0D00A3F63B /* human_body.usdz in Resources */,
				E3A4397C29E5066800A3F63B /* human_teeth.usdz in Resources */,
				E3721D5C299ED80D00088BDF /* maleSkeleton.usdz in Resources */,
				E3A4396429D9CA2500A3F63B /* human_skull.usdz in Resources */,
			);
			runOnlyForDeploymentPostprocessing = 0;
		};
		E3B6A22E291F4E4E008904BD /* Resources */ = {
			isa = PBXResourcesBuildPhase;
			buildActionMask = 2147483647;
			files = (
			);
			runOnlyForDeploymentPostprocessing = 0;
		};
		E3B6A238291F4E4E008904BD /* Resources */ = {
			isa = PBXResourcesBuildPhase;
			buildActionMask = 2147483647;
			files = (
			);
			runOnlyForDeploymentPostprocessing = 0;
		};
/* End PBXResourcesBuildPhase section */

/* Begin PBXSourcesBuildPhase section */
		E37E690C29E51F5100CCCF50 /* Sources */ = {
			isa = PBXSourcesBuildPhase;
			buildActionMask = 2147483647;
			files = (
				E37E691329E51F5200CCCF50 /* NotificationService.swift in Sources */,
			);
			runOnlyForDeploymentPostprocessing = 0;
		};
		E3B6A21C291F4E4B008904BD /* Sources */ = {
			isa = PBXSourcesBuildPhase;
			buildActionMask = 2147483647;
			files = (
				E3A4397029E310C100A3F63B /* COVIDImageClassifier 1.mlmodel in Sources */,
				E3A4395429D86BF400A3F63B /* CreatePatientStruct.swift in Sources */,
				E3A8CEE829D8453D008D47AA /* ViewPatientBookings.swift in Sources */,
				E37A276B2996EF2A00934B83 /* ImagePicker.swift in Sources */,
				E3A4397429E319E700A3F63B /* COVID19_Positive_Negative.swift in Sources */,
				E3DC878C29CFAAE5006BC434 /* RegistrationView.swift in Sources */,
				E3721D56299AA59A00088BDF /* ScheduleScanUpdateView.swift in Sources */,
				E3A4395829D86D3800A3F63B /* VMXChatbotStruct.swift in Sources */,
				E3A8CEEC29D8571D008D47AA /* PatientBookingUpdateView.swift in Sources */,
				E3862FD529971BC90053634E /* DirectImageClassification.swift in Sources */,
				E380CDAE2920A09900B9B891 /* DoctorUpdateView.swift in Sources */,
				E3B6A259291F5B89008904BD /* ChooseOptionView.swift in Sources */,
				E380CDAC29208F3400B9B891 /* DoctorDetailView.swift in Sources */,
				E38601D42944084C00F414B7 /* ContentView.swift in Sources */,
				E3A4397229E318DC00A3F63B /* COVID19PosNegClassifier 1.mlmodel in Sources */,
				E3A8CEEE29D85A31008D47AA /* PatientBookingDetailView.swift in Sources */,
				E37A276D2996F02200934B83 /* UIImageAddition.swift in Sources */,
				E3B6A226291F4E4B008904BD /* LoginView.swift in Sources */,
				E3B6A25D292044AB008904BD /* DoctorView.swift in Sources */,
				E3B6A224291F4E4B008904BD /* VisualMedXpertApp.swift in Sources */,
				E3721D52299A91D800088BDF /* ScheduleScanModel.swift in Sources */,
				E3721D54299A9E2200088BDF /* ScheduleScanDetailView.swift in Sources */,
				E3A4395A29D86D5600A3F63B /* SwiftUI Chatbot.swift in Sources */,
				E3721D50299A8C5B00088BDF /* ScheduleScanView.swift in Sources */,
				E3BCC8A629C3D428006594F4 /* PatientLoginView.swift in Sources */,
				E37A27692996ECDF00934B83 /* XrayImageClassification.swift in Sources */,
				E3BCC8A829C3D736006594F4 /* User.swift in Sources */,
			);
			runOnlyForDeploymentPostprocessing = 0;
		};
		E3B6A22C291F4E4E008904BD /* Sources */ = {
			isa = PBXSourcesBuildPhase;
			buildActionMask = 2147483647;
			files = (
				E3B6A235291F4E4E008904BD /* VisualMedXpertTests.swift in Sources */,
			);
			runOnlyForDeploymentPostprocessing = 0;
		};
		E3B6A236291F4E4E008904BD /* Sources */ = {
			isa = PBXSourcesBuildPhase;
			buildActionMask = 2147483647;
			files = (
				E3B6A23F291F4E4E008904BD /* VisualMedXpertUITests.swift in Sources */,
				E3B6A241291F4E4E008904BD /* VisualMedXpertUITestsLaunchTests.swift in Sources */,
			);
			runOnlyForDeploymentPostprocessing = 0;
		};
/* End PBXSourcesBuildPhase section */

/* Begin PBXTargetDependency section */
		E37E691629E51F5200CCCF50 /* PBXTargetDependency */ = {
			isa = PBXTargetDependency;
			target = E37E690F29E51F5100CCCF50 /* VMXNotificationServiceExtension */;
			targetProxy = E37E691529E51F5200CCCF50 /* PBXContainerItemProxy */;
		};
		E3B6A232291F4E4E008904BD /* PBXTargetDependency */ = {
			isa = PBXTargetDependency;
			target = E3B6A21F291F4E4B008904BD /* VisualMedXpert */;
			targetProxy = E3B6A231291F4E4E008904BD /* PBXContainerItemProxy */;
		};
		E3B6A23C291F4E4E008904BD /* PBXTargetDependency */ = {
			isa = PBXTargetDependency;
			target = E3B6A21F291F4E4B008904BD /* VisualMedXpert */;
			targetProxy = E3B6A23B291F4E4E008904BD /* PBXContainerItemProxy */;
		};
/* End PBXTargetDependency section */

/* Begin XCBuildConfiguration section */
		E37E691929E51F5200CCCF50 /* Debug */ = {
			isa = XCBuildConfiguration;
			buildSettings = {
				CODE_SIGN_STYLE = Automatic;
				CURRENT_PROJECT_VERSION = 1;
				DEVELOPMENT_TEAM = CFT49HLDMK;
				GENERATE_INFOPLIST_FILE = YES;
				INFOPLIST_FILE = VMXNotificationServiceExtension/Info.plist;
				INFOPLIST_KEY_CFBundleDisplayName = VMXNotificationServiceExtension;
				INFOPLIST_KEY_NSHumanReadableCopyright = "";
				IPHONEOS_DEPLOYMENT_TARGET = 16.2;
				LD_RUNPATH_SEARCH_PATHS = (
					"$(inherited)",
					"@executable_path/Frameworks",
					"@executable_path/../../Frameworks",
				);
				MARKETING_VERSION = 1.0;
				PRODUCT_BUNDLE_IDENTIFIER = com.fyp.VisualMedXpert.VMXNotificationServiceExtension;
				PRODUCT_NAME = "$(TARGET_NAME)";
				SKIP_INSTALL = YES;
				SWIFT_EMIT_LOC_STRINGS = YES;
				SWIFT_VERSION = 5.0;
				TARGETED_DEVICE_FAMILY = "1,2";
			};
			name = Debug;
		};
		E37E691A29E51F5200CCCF50 /* Release */ = {
			isa = XCBuildConfiguration;
			buildSettings = {
				CODE_SIGN_STYLE = Automatic;
				CURRENT_PROJECT_VERSION = 1;
				DEVELOPMENT_TEAM = CFT49HLDMK;
				GENERATE_INFOPLIST_FILE = YES;
				INFOPLIST_FILE = VMXNotificationServiceExtension/Info.plist;
				INFOPLIST_KEY_CFBundleDisplayName = VMXNotificationServiceExtension;
				INFOPLIST_KEY_NSHumanReadableCopyright = "";
				IPHONEOS_DEPLOYMENT_TARGET = 16.2;
				LD_RUNPATH_SEARCH_PATHS = (
					"$(inherited)",
					"@executable_path/Frameworks",
					"@executable_path/../../Frameworks",
				);
				MARKETING_VERSION = 1.0;
				PRODUCT_BUNDLE_IDENTIFIER = com.fyp.VisualMedXpert.VMXNotificationServiceExtension;
				PRODUCT_NAME = "$(TARGET_NAME)";
				SKIP_INSTALL = YES;
				SWIFT_EMIT_LOC_STRINGS = YES;
				SWIFT_VERSION = 5.0;
				TARGETED_DEVICE_FAMILY = "1,2";
			};
			name = Release;
		};
		E3B6A242291F4E4E008904BD /* Debug */ = {
			isa = XCBuildConfiguration;
			buildSettings = {
				ALWAYS_SEARCH_USER_PATHS = NO;
				CLANG_ANALYZER_NONNULL = YES;
				CLANG_ANALYZER_NUMBER_OBJECT_CONVERSION = YES_AGGRESSIVE;
				CLANG_CXX_LANGUAGE_STANDARD = "gnu++20";
				CLANG_ENABLE_MODULES = YES;
				CLANG_ENABLE_OBJC_ARC = YES;
				CLANG_ENABLE_OBJC_WEAK = YES;
				CLANG_WARN_BLOCK_CAPTURE_AUTORELEASING = YES;
				CLANG_WARN_BOOL_CONVERSION = YES;
				CLANG_WARN_COMMA = YES;
				CLANG_WARN_CONSTANT_CONVERSION = YES;
				CLANG_WARN_DEPRECATED_OBJC_IMPLEMENTATIONS = YES;
				CLANG_WARN_DIRECT_OBJC_ISA_USAGE = YES_ERROR;
				CLANG_WARN_DOCUMENTATION_COMMENTS = YES;
				CLANG_WARN_EMPTY_BODY = YES;
				CLANG_WARN_ENUM_CONVERSION = YES;
				CLANG_WARN_INFINITE_RECURSION = YES;
				CLANG_WARN_INT_CONVERSION = YES;
				CLANG_WARN_NON_LITERAL_NULL_CONVERSION = YES;
				CLANG_WARN_OBJC_IMPLICIT_RETAIN_SELF = YES;
				CLANG_WARN_OBJC_LITERAL_CONVERSION = YES;
				CLANG_WARN_OBJC_ROOT_CLASS = YES_ERROR;
				CLANG_WARN_QUOTED_INCLUDE_IN_FRAMEWORK_HEADER = YES;
				CLANG_WARN_RANGE_LOOP_ANALYSIS = YES;
				CLANG_WARN_STRICT_PROTOTYPES = YES;
				CLANG_WARN_SUSPICIOUS_MOVE = YES;
				CLANG_WARN_UNGUARDED_AVAILABILITY = YES_AGGRESSIVE;
				CLANG_WARN_UNREACHABLE_CODE = YES;
				CLANG_WARN__DUPLICATE_METHOD_MATCH = YES;
				COPY_PHASE_STRIP = NO;
				DEBUG_INFORMATION_FORMAT = dwarf;
				ENABLE_STRICT_OBJC_MSGSEND = YES;
				ENABLE_TESTABILITY = YES;
				GCC_C_LANGUAGE_STANDARD = gnu11;
				GCC_DYNAMIC_NO_PIC = NO;
				GCC_NO_COMMON_BLOCKS = YES;
				GCC_OPTIMIZATION_LEVEL = 0;
				GCC_PREPROCESSOR_DEFINITIONS = (
					"DEBUG=1",
					"$(inherited)",
				);
				GCC_WARN_64_TO_32_BIT_CONVERSION = YES;
				GCC_WARN_ABOUT_RETURN_TYPE = YES_ERROR;
				GCC_WARN_UNDECLARED_SELECTOR = YES;
				GCC_WARN_UNINITIALIZED_AUTOS = YES_AGGRESSIVE;
				GCC_WARN_UNUSED_FUNCTION = YES;
				GCC_WARN_UNUSED_VARIABLE = YES;
				IPHONEOS_DEPLOYMENT_TARGET = 16.0;
				MTL_ENABLE_DEBUG_INFO = INCLUDE_SOURCE;
				MTL_FAST_MATH = YES;
				ONLY_ACTIVE_ARCH = YES;
				SDKROOT = iphoneos;
				SWIFT_ACTIVE_COMPILATION_CONDITIONS = DEBUG;
				SWIFT_OPTIMIZATION_LEVEL = "-Onone";
			};
			name = Debug;
		};
		E3B6A243291F4E4E008904BD /* Release */ = {
			isa = XCBuildConfiguration;
			buildSettings = {
				ALWAYS_SEARCH_USER_PATHS = NO;
				CLANG_ANALYZER_NONNULL = YES;
				CLANG_ANALYZER_NUMBER_OBJECT_CONVERSION = YES_AGGRESSIVE;
				CLANG_CXX_LANGUAGE_STANDARD = "gnu++20";
				CLANG_ENABLE_MODULES = YES;
				CLANG_ENABLE_OBJC_ARC = YES;
				CLANG_ENABLE_OBJC_WEAK = YES;
				CLANG_WARN_BLOCK_CAPTURE_AUTORELEASING = YES;
				CLANG_WARN_BOOL_CONVERSION = YES;
				CLANG_WARN_COMMA = YES;
				CLANG_WARN_CONSTANT_CONVERSION = YES;
				CLANG_WARN_DEPRECATED_OBJC_IMPLEMENTATIONS = YES;
				CLANG_WARN_DIRECT_OBJC_ISA_USAGE = YES_ERROR;
				CLANG_WARN_DOCUMENTATION_COMMENTS = YES;
				CLANG_WARN_EMPTY_BODY = YES;
				CLANG_WARN_ENUM_CONVERSION = YES;
				CLANG_WARN_INFINITE_RECURSION = YES;
				CLANG_WARN_INT_CONVERSION = YES;
				CLANG_WARN_NON_LITERAL_NULL_CONVERSION = YES;
				CLANG_WARN_OBJC_IMPLICIT_RETAIN_SELF = YES;
				CLANG_WARN_OBJC_LITERAL_CONVERSION = YES;
				CLANG_WARN_OBJC_ROOT_CLASS = YES_ERROR;
				CLANG_WARN_QUOTED_INCLUDE_IN_FRAMEWORK_HEADER = YES;
				CLANG_WARN_RANGE_LOOP_ANALYSIS = YES;
				CLANG_WARN_STRICT_PROTOTYPES = YES;
				CLANG_WARN_SUSPICIOUS_MOVE = YES;
				CLANG_WARN_UNGUARDED_AVAILABILITY = YES_AGGRESSIVE;
				CLANG_WARN_UNREACHABLE_CODE = YES;
				CLANG_WARN__DUPLICATE_METHOD_MATCH = YES;
				COPY_PHASE_STRIP = NO;
				DEBUG_INFORMATION_FORMAT = "dwarf-with-dsym";
				ENABLE_NS_ASSERTIONS = NO;
				ENABLE_STRICT_OBJC_MSGSEND = YES;
				GCC_C_LANGUAGE_STANDARD = gnu11;
				GCC_NO_COMMON_BLOCKS = YES;
				GCC_WARN_64_TO_32_BIT_CONVERSION = YES;
				GCC_WARN_ABOUT_RETURN_TYPE = YES_ERROR;
				GCC_WARN_UNDECLARED_SELECTOR = YES;
				GCC_WARN_UNINITIALIZED_AUTOS = YES_AGGRESSIVE;
				GCC_WARN_UNUSED_FUNCTION = YES;
				GCC_WARN_UNUSED_VARIABLE = YES;
				IPHONEOS_DEPLOYMENT_TARGET = 16.0;
				MTL_ENABLE_DEBUG_INFO = NO;
				MTL_FAST_MATH = YES;
				SDKROOT = iphoneos;
				SWIFT_COMPILATION_MODE = wholemodule;
				SWIFT_OPTIMIZATION_LEVEL = "-O";
				VALIDATE_PRODUCT = YES;
			};
			name = Release;
		};
		E3B6A245291F4E4E008904BD /* Debug */ = {
			isa = XCBuildConfiguration;
			buildSettings = {
				ALWAYS_EMBED_SWIFT_STANDARD_LIBRARIES = YES;
				ASSETCATALOG_COMPILER_APPICON_NAME = AppIcon;
				ASSETCATALOG_COMPILER_GLOBAL_ACCENT_COLOR_NAME = AccentColor;
				CODE_SIGN_STYLE = Automatic;
				CURRENT_PROJECT_VERSION = 1;
				DEVELOPMENT_ASSET_PATHS = "\"VisualMedXpert/Preview Content\"";
				DEVELOPMENT_TEAM = CFT49HLDMK;
				ENABLE_PREVIEWS = YES;
				GENERATE_INFOPLIST_FILE = YES;
				INFOPLIST_FILE = VisualMedXpert/Info.plist;
				INFOPLIST_KEY_NSCameraUsageDescription = "This app requires access to the camera";
				INFOPLIST_KEY_UIApplicationSceneManifest_Generation = YES;
				INFOPLIST_KEY_UIApplicationSupportsIndirectInputEvents = YES;
				INFOPLIST_KEY_UISupportedInterfaceOrientations_iPad = "UIInterfaceOrientationPortrait UIInterfaceOrientationPortraitUpsideDown UIInterfaceOrientationLandscapeLeft UIInterfaceOrientationLandscapeRight";
				INFOPLIST_KEY_UISupportedInterfaceOrientations_iPhone = "UIInterfaceOrientationPortrait UIInterfaceOrientationLandscapeLeft UIInterfaceOrientationLandscapeRight";
				LD_RUNPATH_SEARCH_PATHS = (
					"$(inherited)",
					"@executable_path/Frameworks",
				);
				MARKETING_VERSION = 1.0;
				PRODUCT_BUNDLE_IDENTIFIER = com.fyp.VisualMedXpert;
				PRODUCT_NAME = "$(TARGET_NAME)";
				SWIFT_EMIT_LOC_STRINGS = YES;
				SWIFT_VERSION = 5.0;
				TARGETED_DEVICE_FAMILY = "1,2";
			};
			name = Debug;
		};
		E3B6A246291F4E4E008904BD /* Release */ = {
			isa = XCBuildConfiguration;
			buildSettings = {
				ALWAYS_EMBED_SWIFT_STANDARD_LIBRARIES = YES;
				ASSETCATALOG_COMPILER_APPICON_NAME = AppIcon;
				ASSETCATALOG_COMPILER_GLOBAL_ACCENT_COLOR_NAME = AccentColor;
				CODE_SIGN_STYLE = Automatic;
				CURRENT_PROJECT_VERSION = 1;
				DEVELOPMENT_ASSET_PATHS = "\"VisualMedXpert/Preview Content\"";
				DEVELOPMENT_TEAM = CFT49HLDMK;
				ENABLE_PREVIEWS = YES;
				GENERATE_INFOPLIST_FILE = YES;
				INFOPLIST_FILE = VisualMedXpert/Info.plist;
				INFOPLIST_KEY_NSCameraUsageDescription = "This app requires access to the camera";
				INFOPLIST_KEY_UIApplicationSceneManifest_Generation = YES;
				INFOPLIST_KEY_UIApplicationSupportsIndirectInputEvents = YES;
				INFOPLIST_KEY_UISupportedInterfaceOrientations_iPad = "UIInterfaceOrientationPortrait UIInterfaceOrientationPortraitUpsideDown UIInterfaceOrientationLandscapeLeft UIInterfaceOrientationLandscapeRight";
				INFOPLIST_KEY_UISupportedInterfaceOrientations_iPhone = "UIInterfaceOrientationPortrait UIInterfaceOrientationLandscapeLeft UIInterfaceOrientationLandscapeRight";
				LD_RUNPATH_SEARCH_PATHS = (
					"$(inherited)",
					"@executable_path/Frameworks",
				);
				MARKETING_VERSION = 1.0;
				PRODUCT_BUNDLE_IDENTIFIER = com.fyp.VisualMedXpert;
				PRODUCT_NAME = "$(TARGET_NAME)";
				SWIFT_EMIT_LOC_STRINGS = YES;
				SWIFT_VERSION = 5.0;
				TARGETED_DEVICE_FAMILY = "1,2";
			};
			name = Release;
		};
		E3B6A248291F4E4E008904BD /* Debug */ = {
			isa = XCBuildConfiguration;
			buildSettings = {
				ALWAYS_EMBED_SWIFT_STANDARD_LIBRARIES = YES;
				BUNDLE_LOADER = "$(TEST_HOST)";
				CODE_SIGN_STYLE = Automatic;
				CURRENT_PROJECT_VERSION = 1;
				DEVELOPMENT_TEAM = CFT49HLDMK;
				GENERATE_INFOPLIST_FILE = YES;
				IPHONEOS_DEPLOYMENT_TARGET = 16.0;
				MARKETING_VERSION = 1.0;
				PRODUCT_BUNDLE_IDENTIFIER = com.fyp.VisualMedXpertTests;
				PRODUCT_NAME = "$(TARGET_NAME)";
				SWIFT_EMIT_LOC_STRINGS = NO;
				SWIFT_VERSION = 5.0;
				TARGETED_DEVICE_FAMILY = "1,2";
				TEST_HOST = "$(BUILT_PRODUCTS_DIR)/VisualMedXpert.app/$(BUNDLE_EXECUTABLE_FOLDER_PATH)/VisualMedXpert";
			};
			name = Debug;
		};
		E3B6A249291F4E4E008904BD /* Release */ = {
			isa = XCBuildConfiguration;
			buildSettings = {
				ALWAYS_EMBED_SWIFT_STANDARD_LIBRARIES = YES;
				BUNDLE_LOADER = "$(TEST_HOST)";
				CODE_SIGN_STYLE = Automatic;
				CURRENT_PROJECT_VERSION = 1;
				DEVELOPMENT_TEAM = CFT49HLDMK;
				GENERATE_INFOPLIST_FILE = YES;
				IPHONEOS_DEPLOYMENT_TARGET = 16.0;
				MARKETING_VERSION = 1.0;
				PRODUCT_BUNDLE_IDENTIFIER = com.fyp.VisualMedXpertTests;
				PRODUCT_NAME = "$(TARGET_NAME)";
				SWIFT_EMIT_LOC_STRINGS = NO;
				SWIFT_VERSION = 5.0;
				TARGETED_DEVICE_FAMILY = "1,2";
				TEST_HOST = "$(BUILT_PRODUCTS_DIR)/VisualMedXpert.app/$(BUNDLE_EXECUTABLE_FOLDER_PATH)/VisualMedXpert";
			};
			name = Release;
		};
		E3B6A24B291F4E4E008904BD /* Debug */ = {
			isa = XCBuildConfiguration;
			buildSettings = {
				ALWAYS_EMBED_SWIFT_STANDARD_LIBRARIES = YES;
				CODE_SIGN_STYLE = Automatic;
				CURRENT_PROJECT_VERSION = 1;
				DEVELOPMENT_TEAM = CFT49HLDMK;
				GENERATE_INFOPLIST_FILE = YES;
				MARKETING_VERSION = 1.0;
				PRODUCT_BUNDLE_IDENTIFIER = com.fyp.VisualMedXpertUITests;
				PRODUCT_NAME = "$(TARGET_NAME)";
				SWIFT_EMIT_LOC_STRINGS = NO;
				SWIFT_VERSION = 5.0;
				TARGETED_DEVICE_FAMILY = "1,2";
				TEST_TARGET_NAME = VisualMedXpert;
			};
			name = Debug;
		};
		E3B6A24C291F4E4E008904BD /* Release */ = {
			isa = XCBuildConfiguration;
			buildSettings = {
				ALWAYS_EMBED_SWIFT_STANDARD_LIBRARIES = YES;
				CODE_SIGN_STYLE = Automatic;
				CURRENT_PROJECT_VERSION = 1;
				DEVELOPMENT_TEAM = CFT49HLDMK;
				GENERATE_INFOPLIST_FILE = YES;
				MARKETING_VERSION = 1.0;
				PRODUCT_BUNDLE_IDENTIFIER = com.fyp.VisualMedXpertUITests;
				PRODUCT_NAME = "$(TARGET_NAME)";
				SWIFT_EMIT_LOC_STRINGS = NO;
				SWIFT_VERSION = 5.0;
				TARGETED_DEVICE_FAMILY = "1,2";
				TEST_TARGET_NAME = VisualMedXpert;
			};
			name = Release;
		};
/* End XCBuildConfiguration section */

/* Begin XCConfigurationList section */
		E37E691829E51F5200CCCF50 /* Build configuration list for PBXNativeTarget "VMXNotificationServiceExtension" */ = {
			isa = XCConfigurationList;
			buildConfigurations = (
				E37E691929E51F5200CCCF50 /* Debug */,
				E37E691A29E51F5200CCCF50 /* Release */,
			);
			defaultConfigurationIsVisible = 0;
			defaultConfigurationName = Release;
		};
		E3B6A21B291F4E4B008904BD /* Build configuration list for PBXProject "VisualMedXpert" */ = {
			isa = XCConfigurationList;
			buildConfigurations = (
				E3B6A242291F4E4E008904BD /* Debug */,
				E3B6A243291F4E4E008904BD /* Release */,
			);
			defaultConfigurationIsVisible = 0;
			defaultConfigurationName = Release;
		};
		E3B6A244291F4E4E008904BD /* Build configuration list for PBXNativeTarget "VisualMedXpert" */ = {
			isa = XCConfigurationList;
			buildConfigurations = (
				E3B6A245291F4E4E008904BD /* Debug */,
				E3B6A246291F4E4E008904BD /* Release */,
			);
			defaultConfigurationIsVisible = 0;
			defaultConfigurationName = Release;
		};
		E3B6A247291F4E4E008904BD /* Build configuration list for PBXNativeTarget "VisualMedXpertTests" */ = {
			isa = XCConfigurationList;
			buildConfigurations = (
				E3B6A248291F4E4E008904BD /* Debug */,
				E3B6A249291F4E4E008904BD /* Release */,
			);
			defaultConfigurationIsVisible = 0;
			defaultConfigurationName = Release;
		};
		E3B6A24A291F4E4E008904BD /* Build configuration list for PBXNativeTarget "VisualMedXpertUITests" */ = {
			isa = XCConfigurationList;
			buildConfigurations = (
				E3B6A24B291F4E4E008904BD /* Debug */,
				E3B6A24C291F4E4E008904BD /* Release */,
			);
			defaultConfigurationIsVisible = 0;
			defaultConfigurationName = Release;
		};
/* End XCConfigurationList section */

/* Begin XCRemoteSwiftPackageReference section */
		E36757902942536300DBFE29 /* XCRemoteSwiftPackageReference "FocusEntity" */ = {
			isa = XCRemoteSwiftPackageReference;
			repositoryURL = "https://github.com/maxxfrazer/FocusEntity.git";
			requirement = {
				kind = upToNextMajorVersion;
				minimumVersion = 2.0.0;
			};
		};
		E38601D829442AC900F414B7 /* XCRemoteSwiftPackageReference "ARKit-SmartHitTest" */ = {
			isa = XCRemoteSwiftPackageReference;
			repositoryURL = "https://github.com/maxxfrazer/ARKit-SmartHitTest";
			requirement = {
				kind = upToNextMajorVersion;
				minimumVersion = 2.0.0;
			};
		};
		E3A4396529DC3B3100A3F63B /* XCRemoteSwiftPackageReference "ChartView" */ = {
			isa = XCRemoteSwiftPackageReference;
			repositoryURL = "https://github.com/AppPear/ChartView.git";
			requirement = {
				kind = upToNextMajorVersion;
				minimumVersion = 1.0.0;
			};
		};
		E3A4396829DC438A00A3F63B /* XCRemoteSwiftPackageReference "Charts" */ = {
			isa = XCRemoteSwiftPackageReference;
			repositoryURL = "https://github.com/danielgindi/Charts.git";
			requirement = {
				kind = upToNextMajorVersion;
				minimumVersion = 3.0.0;
			};
		};
		E3B6A24F291F4F4A008904BD /* XCRemoteSwiftPackageReference "firebase-ios-sdk" */ = {
			isa = XCRemoteSwiftPackageReference;
			repositoryURL = "https://github.com/firebase/firebase-ios-sdk";
			requirement = {
				kind = upToNextMajorVersion;
				minimumVersion = 9.0.0;
			};
		};
/* End XCRemoteSwiftPackageReference section */

/* Begin XCSwiftPackageProductDependency section */
		E36757912942536300DBFE29 /* FocusEntity */ = {
			isa = XCSwiftPackageProductDependency;
			package = E36757902942536300DBFE29 /* XCRemoteSwiftPackageReference "FocusEntity" */;
			productName = FocusEntity;
		};
		E38601D929442AC900F414B7 /* SmartHitTest */ = {
			isa = XCSwiftPackageProductDependency;
			package = E38601D829442AC900F414B7 /* XCRemoteSwiftPackageReference "ARKit-SmartHitTest" */;
			productName = SmartHitTest;
		};
		E3A4396B29DC643A00A3F63B /* SwiftUICharts */ = {
			isa = XCSwiftPackageProductDependency;
			package = E3A4396529DC3B3100A3F63B /* XCRemoteSwiftPackageReference "ChartView" */;
			productName = SwiftUICharts;
		};
		E3B6A252291F4F4A008904BD /* FirebaseAuth */ = {
			isa = XCSwiftPackageProductDependency;
			package = E3B6A24F291F4F4A008904BD /* XCRemoteSwiftPackageReference "firebase-ios-sdk" */;
			productName = FirebaseAuth;
		};
		E3B6A254291F4F4A008904BD /* FirebaseDatabase */ = {
			isa = XCSwiftPackageProductDependency;
			package = E3B6A24F291F4F4A008904BD /* XCRemoteSwiftPackageReference "firebase-ios-sdk" */;
			productName = FirebaseDatabase;
		};
		E3B6A256291F4F4A008904BD /* FirebaseFirestore */ = {
			isa = XCSwiftPackageProductDependency;
			package = E3B6A24F291F4F4A008904BD /* XCRemoteSwiftPackageReference "firebase-ios-sdk" */;
			productName = FirebaseFirestore;
		};
		E3BCC89929C287F4006594F4 /* FirebaseStorage */ = {
			isa = XCSwiftPackageProductDependency;
			package = E3B6A24F291F4F4A008904BD /* XCRemoteSwiftPackageReference "firebase-ios-sdk" */;
			productName = FirebaseStorage;
		};
		E3BCC89B29C28804006594F4 /* FirebaseFirestoreSwift */ = {
			isa = XCSwiftPackageProductDependency;
			package = E3B6A24F291F4F4A008904BD /* XCRemoteSwiftPackageReference "firebase-ios-sdk" */;
			productName = FirebaseFirestoreSwift;
		};
/* End XCSwiftPackageProductDependency section */
	};
	rootObject = E3B6A218291F4E4B008904BD /* Project object */;
}
